
Microsoft Visual Studio Solution File, Format Version 12.00
# Visual Studio 2013
VisualStudioVersion = 12.0.30501.0
MinimumVisualStudioVersion = 10.0.40219.1
Project("{FAE04EC0-301F-11D3-BF4B-00C04F79EFBC}") = "TaskManager.Domain", "TaskManager.Domain\TaskManager.Domain.csproj", "{F61C2843-857B-475B-83C6-70CF2903CD46}"
EndProject
Project("{FAE04EC0-301F-11D3-BF4B-00C04F79EFBC}") = "TaskManager.Data", "TaskManager.Data\TaskManager.Data.csproj", "{8181D116-F96E-45C4-91B4-23CAF7814055}"
EndProject
Project("{FAE04EC0-301F-11D3-BF4B-00C04F79EFBC}") = "TaskManager.WebUI", "TaskManager.WebUI\TaskManager.WebUI.csproj", "{90786264-B0FE-43A6-A7C6-CD22EA37686F}"
EndProject
Project("{2150E333-8FDC-42A3-9474-1A3956D46DE8}") = "Solution Items", "Solution Items", "{5CBD067F-59EC-4C29-A948-D86C3D212900}"
	ProjectSection(SolutionItems) = preProject
		Readme.txt = Readme.txt
	EndProjectSection
EndProject
Global
	GlobalSection(SolutionConfigurationPlatforms) = preSolution
		Debug|Any CPU = Debug|Any CPU
		Release|Any CPU = Release|Any CPU
	EndGlobalSection
	GlobalSection(ProjectConfigurationPlatforms) = postSolution
		{F61C2843-857B-475B-83C6-70CF2903CD46}.Debug|Any CPU.ActiveCfg = Debug|Any CPU
		{F61C2843-857B-475B-83C6-70CF2903CD46}.Debug|Any CPU.Build.0 = Debug|Any CPU
		{F61C2843-857B-475B-83C6-70CF2903CD46}.Release|Any CPU.ActiveCfg = Release|Any CPU
		{F61C2843-857B-475B-83C6-70CF2903CD46}.Release|Any CPU.Build.0 = Release|Any CPU
		{8181D116-F96E-45C4-91B4-23CAF7814055}.Debug|Any CPU.ActiveCfg = Debug|Any CPU
		{8181D116-F96E-45C4-91B4-23CAF7814055}.Debug|Any CPU.Build.0 = Debug|Any CPU
		{8181D116-F96E-45C4-91B4-23CAF7814055}.Release|Any CPU.ActiveCfg = Release|Any CPU
		{8181D116-F96E-45C4-91B4-23CAF7814055}.Release|Any CPU.Build.0 = Release|Any CPU
		{90786264-B0FE-43A6-A7C6-CD22EA37686F}.Debug|Any CPU.ActiveCfg = Debug|Any CPU
		{90786264-B0FE-43A6-A7C6-CD22EA37686F}.Debug|Any CPU.Build.0 = Debug|Any CPU
		{90786264-B0FE-43A6-A7C6-CD22EA37686F}.Release|Any CPU.ActiveCfg = Release|Any CPU
		{90786264-B0FE-43A6-A7C6-CD22EA37686F}.Release|Any CPU.Build.0 = Release|Any CPU
	EndGlobalSection
	GlobalSection(SolutionProperties) = preSolution
		HideSolutionNode = FALSE
	EndGlobalSection
EndGlobal
